// !$*UTF8*$!
{
	archiveVersion = 1;
	classes = {
	};
	objectVersion = 56;
	objects = {

/* Begin PBXBuildFile section */
		AE312E892A7A7C5400086AE8 /* AppDelegate.swift in Sources */ = {isa = PBXBuildFile; fileRef = AE312E882A7A7C5400086AE8 /* AppDelegate.swift */; };
		AE312E8B2A7A7C5400086AE8 /* SceneDelegate.swift in Sources */ = {isa = PBXBuildFile; fileRef = AE312E8A2A7A7C5400086AE8 /* SceneDelegate.swift */; };
		AE312E8D2A7A7C5400086AE8 /* ViewController.swift in Sources */ = {isa = PBXBuildFile; fileRef = AE312E8C2A7A7C5400086AE8 /* ViewController.swift */; };
		AE312E902A7A7C5400086AE8 /* Main.storyboard in Resources */ = {isa = PBXBuildFile; fileRef = AE312E8E2A7A7C5400086AE8 /* Main.storyboard */; };
		AE312E922A7A7C5600086AE8 /* Assets.xcassets in Resources */ = {isa = PBXBuildFile; fileRef = AE312E912A7A7C5600086AE8 /* Assets.xcassets */; };
		AE312E952A7A7C5600086AE8 /* LaunchScreen.storyboard in Resources */ = {isa = PBXBuildFile; fileRef = AE312E932A7A7C5600086AE8 /* LaunchScreen.storyboard */; };
		AE312EA02A7A7C5600086AE8 /* tblViewHeightTests.swift in Sources */ = {isa = PBXBuildFile; fileRef = AE312E9F2A7A7C5600086AE8 /* tblViewHeightTests.swift */; };
		AE312EAA2A7A7C5600086AE8 /* tblViewHeightUITests.swift in Sources */ = {isa = PBXBuildFile; fileRef = AE312EA92A7A7C5600086AE8 /* tblViewHeightUITests.swift */; };
		AE312EAC2A7A7C5600086AE8 /* tblViewHeightUITestsLaunchTests.swift in Sources */ = {isa = PBXBuildFile; fileRef = AE312EAB2A7A7C5600086AE8 /* tblViewHeightUITestsLaunchTests.swift */; };
/* End PBXBuildFile section */

/* Begin PBXContainerItemProxy section */
		AE312E9C2A7A7C5600086AE8 /* PBXContainerItemProxy */ = {
			isa = PBXContainerItemProxy;
			containerPortal = AE312E7D2A7A7C5400086AE8 /* Project object */;
			proxyType = 1;
			remoteGlobalIDString = AE312E842A7A7C5400086AE8;
			remoteInfo = tblViewHeight;
		};
		AE312EA62A7A7C5600086AE8 /* PBXContainerItemProxy */ = {
			isa = PBXContainerItemProxy;
			containerPortal = AE312E7D2A7A7C5400086AE8 /* Project object */;
			proxyType = 1;
			remoteGlobalIDString = AE312E842A7A7C5400086AE8;
			remoteInfo = tblViewHeight;
		};
/* End PBXContainerItemProxy section */

/* Begin PBXFileReference section */
		AE312E852A7A7C5400086AE8 /* tblViewHeight.app */ = {isa = PBXFileReference; explicitFileType = wrapper.application; includeInIndex = 0; path = tblViewHeight.app; sourceTree = BUILT_PRODUCTS_DIR; };
		AE312E882A7A7C5400086AE8 /* AppDelegate.swift */ = {isa = PBXFileReference; lastKnownFileType = sourcecode.swift; path = AppDelegate.swift; sourceTree = "<group>"; };
		AE312E8A2A7A7C5400086AE8 /* SceneDelegate.swift */ = {isa = PBXFileReference; lastKnownFileType = sourcecode.swift; path = SceneDelegate.swift; sourceTree = "<group>"; };
		AE312E8C2A7A7C5400086AE8 /* ViewController.swift */ = {isa = PBXFileReference; lastKnownFileType = sourcecode.swift; path = ViewController.swift; sourceTree = "<group>"; };
		AE312E8F2A7A7C5400086AE8 /* Base */ = {isa = PBXFileReference; lastKnownFileType = file.storyboard; name = Base; path = Base.lproj/Main.storyboard; sourceTree = "<group>"; };
		AE312E912A7A7C5600086AE8 /* Assets.xcassets */ = {isa = PBXFileReference; lastKnownFileType = folder.assetcatalog; path = Assets.xcassets; sourceTree = "<group>"; };
		AE312E942A7A7C5600086AE8 /* Base */ = {isa = PBXFileReference; lastKnownFileType = file.storyboard; name = Base; path = Base.lproj/LaunchScreen.storyboard; sourceTree = "<group>"; };
		AE312E962A7A7C5600086AE8 /* Info.plist */ = {isa = PBXFileReference; lastKnownFileType = text.plist.xml; path = Info.plist; sourceTree = "<group>"; };
		AE312E9B2A7A7C5600086AE8 /* tblViewHeightTests.xctest */ = {isa = PBXFileReference; explicitFileType = wrapper.cfbundle; includeInIndex = 0; path = tblViewHeightTests.xctest; sourceTree = BUILT_PRODUCTS_DIR; };
		AE312E9F2A7A7C5600086AE8 /* tblViewHeightTests.swift */ = {isa = PBXFileReference; lastKnownFileType = sourcecode.swift; path = tblViewHeightTests.swift; sourceTree = "<group>"; };
		AE312EA52A7A7C5600086AE8 /* tblViewHeightUITests.xctest */ = {isa = PBXFileReference; explicitFileType = wrapper.cfbundle; includeInIndex = 0; path = tblViewHeightUITests.xctest; sourceTree = BUILT_PRODUCTS_DIR; };
		AE312EA92A7A7C5600086AE8 /* tblViewHeightUITests.swift */ = {isa = PBXFileReference; lastKnownFileType = sourcecode.swift; path = tblViewHeightUITests.swift; sourceTree = "<group>"; };
		AE312EAB2A7A7C5600086AE8 /* tblViewHeightUITestsLaunchTests.swift */ = {isa = PBXFileReference; lastKnownFileType = sourcecode.swift; path = tblViewHeightUITestsLaunchTests.swift; sourceTree = "<group>"; };
/* End PBXFileReference section */

/* Begin PBXFrameworksBuildPhase section */
		AE312E822A7A7C5400086AE8 /* Frameworks */ = {
			isa = PBXFrameworksBuildPhase;
			buildActionMask = 2147483647;
			files = (
			);
			runOnlyForDeploymentPostprocessing = 0;
		};
		AE312E982A7A7C5600086AE8 /* Frameworks */ = {
			isa = PBXFrameworksBuildPhase;
			buildActionMask = 2147483647;
			files = (
			);
			runOnlyForDeploymentPostprocessing = 0;
		};
		AE312EA22A7A7C5600086AE8 /* Frameworks */ = {
			isa = PBXFrameworksBuildPhase;
			buildActionMask = 2147483647;
			files = (
			);
			runOnlyForDeploymentPostprocessing = 0;
		};
/* End PBXFrameworksBuildPhase section */

/* Begin PBXGroup section */
		AE312E7C2A7A7C5400086AE8 = {
			isa = PBXGroup;
			children = (
				AE312E872A7A7C5400086AE8 /* tblViewHeight */,
				AE312E9E2A7A7C5600086AE8 /* tblViewHeightTests */,
				AE312EA82A7A7C5600086AE8 /* tblViewHeightUITests */,
				AE312E862A7A7C5400086AE8 /* Products */,
			);
			sourceTree = "<group>";
		};
		AE312E862A7A7C5400086AE8 /* Products */ = {
			isa = PBXGroup;
			children = (
				AE312E852A7A7C5400086AE8 /* tblViewHeight.app */,
				AE312E9B2A7A7C5600086AE8 /* tblViewHeightTests.xctest */,
				AE312EA52A7A7C5600086AE8 /* tblViewHeightUITests.xctest */,
			);
			name = Products;
			sourceTree = "<group>";
		};
		AE312E872A7A7C5400086AE8 /* tblViewHeight */ = {
			isa = PBXGroup;
			children = (
				AE312E882A7A7C5400086AE8 /* AppDelegate.swift */,
				AE312E8A2A7A7C5400086AE8 /* SceneDelegate.swift */,
				AE312E8C2A7A7C5400086AE8 /* ViewController.swift */,
				AE312E8E2A7A7C5400086AE8 /* Main.storyboard */,
				AE312E912A7A7C5600086AE8 /* Assets.xcassets */,
				AE312E932A7A7C5600086AE8 /* LaunchScreen.storyboard */,
				AE312E962A7A7C5600086AE8 /* Info.plist */,
			);
			path = tblViewHeight;
			sourceTree = "<group>";
		};
		AE312E9E2A7A7C5600086AE8 /* tblViewHeightTests */ = {
			isa = PBXGroup;
			children = (
				AE312E9F2A7A7C5600086AE8 /* tblViewHeightTests.swift */,
			);
			path = tblViewHeightTests;
			sourceTree = "<group>";
		};
		AE312EA82A7A7C5600086AE8 /* tblViewHeightUITests */ = {
			isa = PBXGroup;
			children = (
				AE312EA92A7A7C5600086AE8 /* tblViewHeightUITests.swift */,
				AE312EAB2A7A7C5600086AE8 /* tblViewHeightUITestsLaunchTests.swift */,
			);
			path = tblViewHeightUITests;
			sourceTree = "<group>";
		};
/* End PBXGroup section */

/* Begin PBXNativeTarget section */
		AE312E842A7A7C5400086AE8 /* tblViewHeight */ = {
			isa = PBXNativeTarget;
			buildConfigurationList = AE312EAF2A7A7C5600086AE8 /* Build configuration list for PBXNativeTarget "tblViewHeight" */;
			buildPhases = (
				AE312E812A7A7C5400086AE8 /* Sources */,
				AE312E822A7A7C5400086AE8 /* Frameworks */,
				AE312E832A7A7C5400086AE8 /* Resources */,
			);
			buildRules = (
			);
			dependencies = (
			);
			name = tblViewHeight;
			productName = tblViewHeight;
			productReference = AE312E852A7A7C5400086AE8 /* tblViewHeight.app */;
			productType = "com.apple.product-type.application";
		};
		AE312E9A2A7A7C5600086AE8 /* tblViewHeightTests */ = {
			isa = PBXNativeTarget;
			buildConfigurationList = AE312EB22A7A7C5600086AE8 /* Build configuration list for PBXNativeTarget "tblViewHeightTests" */;
			buildPhases = (
				AE312E972A7A7C5600086AE8 /* Sources */,
				AE312E982A7A7C5600086AE8 /* Frameworks */,
				AE312E992A7A7C5600086AE8 /* Resources */,
			);
			buildRules = (
			);
			dependencies = (
				AE312E9D2A7A7C5600086AE8 /* PBXTargetDependency */,
			);
			name = tblViewHeightTests;
			productName = tblViewHeightTests;
			productReference = AE312E9B2A7A7C5600086AE8 /* tblViewHeightTests.xctest */;
			productType = "com.apple.product-type.bundle.unit-test";
		};
		AE312EA42A7A7C5600086AE8 /* tblViewHeightUITests */ = {
			isa = PBXNativeTarget;
			buildConfigurationList = AE312EB52A7A7C5600086AE8 /* Build configuration list for PBXNativeTarget "tblViewHeightUITests" */;
			buildPhases = (
				AE312EA12A7A7C5600086AE8 /* Sources */,
				AE312EA22A7A7C5600086AE8 /* Frameworks */,
				AE312EA32A7A7C5600086AE8 /* Resources */,
			);
			buildRules = (
			);
			dependencies = (
				AE312EA72A7A7C5600086AE8 /* PBXTargetDependency */,
			);
			name = tblViewHeightUITests;
			productName = tblViewHeightUITests;
			productReference = AE312EA52A7A7C5600086AE8 /* tblViewHeightUITests.xctest */;
			productType = "com.apple.product-type.bundle.ui-testing";
		};
/* End PBXNativeTarget section */

/* Begin PBXProject section */
		AE312E7D2A7A7C5400086AE8 /* Project object */ = {
			isa = PBXProject;
			attributes = {
				BuildIndependentTargetsInParallel = 1;
				LastSwiftUpdateCheck = 1420;
				LastUpgradeCheck = 1420;
				TargetAttributes = {
					AE312E842A7A7C5400086AE8 = {
						CreatedOnToolsVersion = 14.2;
					};
					AE312E9A2A7A7C5600086AE8 = {
						CreatedOnToolsVersion = 14.2;
						TestTargetID = AE312E842A7A7C5400086AE8;
					};
					AE312EA42A7A7C5600086AE8 = {
						CreatedOnToolsVersion = 14.2;
						TestTargetID = AE312E842A7A7C5400086AE8;
					};
				};
			};
			buildConfigurationList = AE312E802A7A7C5400086AE8 /* Build configuration list for PBXProject "tblViewHeight" */;
			compatibilityVersion = "Xcode 14.0";
			developmentRegion = en;
			hasScannedForEncodings = 0;
			knownRegions = (
				en,
				Base,
			);
			mainGroup = AE312E7C2A7A7C5400086AE8;
			productRefGroup = AE312E862A7A7C5400086AE8 /* Products */;
			projectDirPath = "";
			projectRoot = "";
			targets = (
				AE312E842A7A7C5400086AE8 /* tblViewHeight */,
				AE312E9A2A7A7C5600086AE8 /* tblViewHeightTests */,
				AE312EA42A7A7C5600086AE8 /* tblViewHeightUITests */,
			);
		};
/* End PBXProject section */

/* Begin PBXResourcesBuildPhase section */
		AE312E832A7A7C5400086AE8 /* Resources */ = {
			isa = PBXResourcesBuildPhase;
			buildActionMask = 2147483647;
			files = (
				AE312E952A7A7C5600086AE8 /* LaunchScreen.storyboard in Resources */,
				AE312E922A7A7C5600086AE8 /* Assets.xcassets in Resources */,
				AE312E902A7A7C5400086AE8 /* Main.storyboard in Resources */,
			);
			runOnlyForDeploymentPostprocessing = 0;
		};
		AE312E992A7A7C5600086AE8 /* Resources */ = {
			isa = PBXResourcesBuildPhase;
			buildActionMask = 2147483647;
			files = (
			);
			runOnlyForDeploymentPostprocessing = 0;
		};
		AE312EA32A7A7C5600086AE8 /* Resources */ = {
			isa = PBXResourcesBuildPhase;
			buildActionMask = 2147483647;
			files = (
			);
			runOnlyForDeploymentPostprocessing = 0;
		};
/* End PBXResourcesBuildPhase section */

/* Begin PBXSourcesBuildPhase section */
		AE312E812A7A7C5400086AE8 /* Sources */ = {
			isa = PBXSourcesBuildPhase;
			buildActionMask = 2147483647;
			files = (
				AE312E8D2A7A7C5400086AE8 /* ViewController.swift in Sources */,
				AE312E892A7A7C5400086AE8 /* AppDelegate.swift in Sources */,
				AE312E8B2A7A7C5400086AE8 /* SceneDelegate.swift in Sources */,
			);
			runOnlyForDeploymentPostprocessing = 0;
		};
		AE312E972A7A7C5600086AE8 /* Sources */ = {
			isa = PBXSourcesBuildPhase;
			buildActionMask = 2147483647;
			files = (
				AE312EA02A7A7C5600086AE8 /* tblViewHeightTests.swift in Sources */,
			);
			runOnlyForDeploymentPostprocessing = 0;
		};
		AE312EA12A7A7C5600086AE8 /* Sources */ = {
			isa = PBXSourcesBuildPhase;
			buildActionMask = 2147483647;
			files = (
				AE312EAA2A7A7C5600086AE8 /* tblViewHeightUITests.swift in Sources */,
				AE312EAC2A7A7C5600086AE8 /* tblViewHeightUITestsLaunchTests.swift in Sources */,
			);
			runOnlyForDeploymentPostprocessing = 0;
		};
/* End PBXSourcesBuildPhase section */

/* Begin PBXTargetDependency section */
		AE312E9D2A7A7C5600086AE8 /* PBXTargetDependency */ = {
			isa = PBXTargetDependency;
			target = AE312E842A7A7C5400086AE8 /* tblViewHeight */;
			targetProxy = AE312E9C2A7A7C5600086AE8 /* PBXContainerItemProxy */;
		};
		AE312EA72A7A7C5600086AE8 /* PBXTargetDependency */ = {
			isa = PBXTargetDependency;
			target = AE312E842A7A7C5400086AE8 /* tblViewHeight */;
			targetProxy = AE312EA62A7A7C5600086AE8 /* PBXContainerItemProxy */;
		};
/* End PBXTargetDependency section */

/* Begin PBXVariantGroup section */
		AE312E8E2A7A7C5400086AE8 /* Main.storyboard */ = {
			isa = PBXVariantGroup;
			children = (
				AE312E8F2A7A7C5400086AE8 /* Base */,
			);
			name = Main.storyboard;
			sourceTree = "<group>";
		};
		AE312E932A7A7C5600086AE8 /* LaunchScreen.storyboard */ = {
			isa = PBXVariantGroup;
			children = (
				AE312E942A7A7C5600086AE8 /* Base */,
			);
			name = LaunchScreen.storyboard;
			sourceTree = "<group>";
		};
/* End PBXVariantGroup section */

/* Begin XCBuildConfiguration section */
		AE312EAD2A7A7C5600086AE8 /* Debug */ = {
			isa = XCBuildConfiguration;
			buildSettings = {
				ALWAYS_SEARCH_USER_PATHS = NO;
				CLANG_ANALYZER_NONNULL = YES;
				CLANG_ANALYZER_NUMBER_OBJECT_CONVERSION = YES_AGGRESSIVE;
				CLANG_CXX_LANGUAGE_STANDARD = "gnu++20";
				CLANG_ENABLE_MODULES = YES;
				CLANG_ENABLE_OBJC_ARC = YES;
				CLANG_ENABLE_OBJC_WEAK = YES;
				CLANG_WARN_BLOCK_CAPTURE_AUTORELEASING = YES;
				CLANG_WARN_BOOL_CONVERSION = YES;
				CLANG_WARN_COMMA = YES;
				CLANG_WARN_CONSTANT_CONVERSION = YES;
				CLANG_WARN_DEPRECATED_OBJC_IMPLEMENTATIONS = YES;
				CLANG_WARN_DIRECT_OBJC_ISA_USAGE = YES_ERROR;
				CLANG_WARN_DOCUMENTATION_COMMENTS = YES;
				CLANG_WARN_EMPTY_BODY = YES;
				CLANG_WARN_ENUM_CONVERSION = YES;
				CLANG_WARN_INFINITE_RECURSION = YES;
				CLANG_WARN_INT_CONVERSION = YES;
				CLANG_WARN_NON_LITERAL_NULL_CONVERSION = YES;
				CLANG_WARN_OBJC_IMPLICIT_RETAIN_SELF = YES;
				CLANG_WARN_OBJC_LITERAL_CONVERSION = YES;
				CLANG_WARN_OBJC_ROOT_CLASS = YES_ERROR;
				CLANG_WARN_QUOTED_INCLUDE_IN_FRAMEWORK_HEADER = YES;
				CLANG_WARN_RANGE_LOOP_ANALYSIS = YES;
				CLANG_WARN_STRICT_PROTOTYPES = YES;
				CLANG_WARN_SUSPICIOUS_MOVE = YES;
				CLANG_WARN_UNGUARDED_AVAILABILITY = YES_AGGRESSIVE;
				CLANG_WARN_UNREACHABLE_CODE = YES;
				CLANG_WARN__DUPLICATE_METHOD_MATCH = YES;
				COPY_PHASE_STRIP = NO;
				DEBUG_INFORMATION_FORMAT = dwarf;
				ENABLE_STRICT_OBJC_MSGSEND = YES;
				ENABLE_TESTABILITY = YES;
				GCC_C_LANGUAGE_STANDARD = gnu11;
				GCC_DYNAMIC_NO_PIC = NO;
				GCC_NO_COMMON_BLOCKS = YES;
				GCC_OPTIMIZATION_LEVEL = 0;
				GCC_PREPROCESSOR_DEFINITIONS = (
					"DEBUG=1",
					"$(inherited)",
				);
				GCC_WARN_64_TO_32_BIT_CONVERSION = YES;
				GCC_WARN_ABOUT_RETURN_TYPE = YES_ERROR;
				GCC_WARN_UNDECLARED_SELECTOR = YES;
				GCC_WARN_UNINITIALIZED_AUTOS = YES_AGGRESSIVE;
				GCC_WARN_UNUSED_FUNCTION = YES;
				GCC_WARN_UNUSED_VARIABLE = YES;
				IPHONEOS_DEPLOYMENT_TARGET = 16.2;
				MTL_ENABLE_DEBUG_INFO = INCLUDE_SOURCE;
				MTL_FAST_MATH = YES;
				ONLY_ACTIVE_ARCH = YES;
				SDKROOT = iphoneos;
				SWIFT_ACTIVE_COMPILATION_CONDITIONS = DEBUG;
				SWIFT_OPTIMIZATION_LEVEL = "-Onone";
			};
			name = Debug;
		};
		AE312EAE2A7A7C5600086AE8 /* Release */ = {
			isa = XCBuildConfiguration;
			buildSettings = {
				ALWAYS_SEARCH_USER_PATHS = NO;
				CLANG_ANALYZER_NONNULL = YES;
				CLANG_ANALYZER_NUMBER_OBJECT_CONVERSION = YES_AGGRESSIVE;
				CLANG_CXX_LANGUAGE_STANDARD = "gnu++20";
				CLANG_ENABLE_MODULES = YES;
				CLANG_ENABLE_OBJC_ARC = YES;
				CLANG_ENABLE_OBJC_WEAK = YES;
				CLANG_WARN_BLOCK_CAPTURE_AUTORELEASING = YES;
				CLANG_WARN_BOOL_CONVERSION = YES;
				CLANG_WARN_COMMA = YES;
				CLANG_WARN_CONSTANT_CONVERSION = YES;
				CLANG_WARN_DEPRECATED_OBJC_IMPLEMENTATIONS = YES;
				CLANG_WARN_DIRECT_OBJC_ISA_USAGE = YES_ERROR;
				CLANG_WARN_DOCUMENTATION_COMMENTS = YES;
				CLANG_WARN_EMPTY_BODY = YES;
				CLANG_WARN_ENUM_CONVERSION = YES;
				CLANG_WARN_INFINITE_RECURSION = YES;
				CLANG_WARN_INT_CONVERSION = YES;
				CLANG_WARN_NON_LITERAL_NULL_CONVERSION = YES;
				CLANG_WARN_OBJC_IMPLICIT_RETAIN_SELF = YES;
				CLANG_WARN_OBJC_LITERAL_CONVERSION = YES;
				CLANG_WARN_OBJC_ROOT_CLASS = YES_ERROR;
				CLANG_WARN_QUOTED_INCLUDE_IN_FRAMEWORK_HEADER = YES;
				CLANG_WARN_RANGE_LOOP_ANALYSIS = YES;
				CLANG_WARN_STRICT_PROTOTYPES = YES;
				CLANG_WARN_SUSPICIOUS_MOVE = YES;
				CLANG_WARN_UNGUARDED_AVAILABILITY = YES_AGGRESSIVE;
				CLANG_WARN_UNREACHABLE_CODE = YES;
				CLANG_WARN__DUPLICATE_METHOD_MATCH = YES;
				COPY_PHASE_STRIP = NO;
				DEBUG_INFORMATION_FORMAT = "dwarf-with-dsym";
				ENABLE_NS_ASSERTIONS = NO;
				ENABLE_STRICT_OBJC_MSGSEND = YES;
				GCC_C_LANGUAGE_STANDARD = gnu11;
				GCC_NO_COMMON_BLOCKS = YES;
				GCC_WARN_64_TO_32_BIT_CONVERSION = YES;
				GCC_WARN_ABOUT_RETURN_TYPE = YES_ERROR;
				GCC_WARN_UNDECLARED_SELECTOR = YES;
				GCC_WARN_UNINITIALIZED_AUTOS = YES_AGGRESSIVE;
				GCC_WARN_UNUSED_FUNCTION = YES;
				GCC_WARN_UNUSED_VARIABLE = YES;
				IPHONEOS_DEPLOYMENT_TARGET = 16.2;
				MTL_ENABLE_DEBUG_INFO = NO;
				MTL_FAST_MATH = YES;
				SDKROOT = iphoneos;
				SWIFT_COMPILATION_MODE = wholemodule;
				SWIFT_OPTIMIZATION_LEVEL = "-O";
				VALIDATE_PRODUCT = YES;
			};
			name = Release;
		};
		AE312EB02A7A7C5600086AE8 /* Debug */ = {
			isa = XCBuildConfiguration;
			buildSettings = {
				ASSETCATALOG_COMPILER_APPICON_NAME = AppIcon;
				ASSETCATALOG_COMPILER_GLOBAL_ACCENT_COLOR_NAME = AccentColor;
				CODE_SIGN_STYLE = Automatic;
				CURRENT_PROJECT_VERSION = 1;
				GENERATE_INFOPLIST_FILE = YES;
				INFOPLIST_FILE = tblViewHeight/Info.plist;
				INFOPLIST_KEY_UIApplicationSupportsIndirectInputEvents = YES;
				INFOPLIST_KEY_UILaunchStoryboardName = LaunchScreen;
				INFOPLIST_KEY_UIMainStoryboardFile = Main;
				INFOPLIST_KEY_UISupportedInterfaceOrientations_iPad = "UIInterfaceOrientationPortrait UIInterfaceOrientationPortraitUpsideDown UIInterfaceOrientationLandscapeLeft UIInterfaceOrientationLandscapeRight";
				INFOPLIST_KEY_UISupportedInterfaceOrientations_iPhone = "UIInterfaceOrientationPortrait UIInterfaceOrientationLandscapeLeft UIInterfaceOrientationLandscapeRight";
				LD_RUNPATH_SEARCH_PATHS = (
					"$(inherited)",
					"@executable_path/Frameworks",
				);
				MARKETING_VERSION = 1.0;
				PRODUCT_BUNDLE_IDENTIFIER = mobofilia.tblViewHeight;
				PRODUCT_NAME = "$(TARGET_NAME)";
				SWIFT_EMIT_LOC_STRINGS = YES;
				SWIFT_VERSION = 5.0;
				TARGETED_DEVICE_FAMILY = "1,2";
			};
			name = Debug;
		};
		AE312EB12A7A7C5600086AE8 /* Release */ = {
			isa = XCBuildConfiguration;
			buildSettings = {
				ASSETCATALOG_COMPILER_APPICON_NAME = AppIcon;
				ASSETCATALOG_COMPILER_GLOBAL_ACCENT_COLOR_NAME = AccentColor;
				CODE_SIGN_STYLE = Automatic;
				CURRENT_PROJECT_VERSION = 1;
				GENERATE_INFOPLIST_FILE = YES;
				INFOPLIST_FILE = tblViewHeight/Info.plist;
				INFOPLIST_KEY_UIApplicationSupportsIndirectInputEvents = YES;
				INFOPLIST_KEY_UILaunchStoryboardName = LaunchScreen;
				INFOPLIST_KEY_UIMainStoryboardFile = Main;
				INFOPLIST_KEY_UISupportedInterfaceOrientations_iPad = "UIInterfaceOrientationPortrait UIInterfaceOrientationPortraitUpsideDown UIInterfaceOrientationLandscapeLeft UIInterfaceOrientationLandscapeRight";
				INFOPLIST_KEY_UISupportedInterfaceOrientations_iPhone = "UIInterfaceOrientationPortrait UIInterfaceOrientationLandscapeLeft UIInterfaceOrientationLandscapeRight";
				LD_RUNPATH_SEARCH_PATHS = (
					"$(inherited)",
					"@executable_path/Frameworks",
				);
				MARKETING_VERSION = 1.0;
				PRODUCT_BUNDLE_IDENTIFIER = mobofilia.tblViewHeight;
				PRODUCT_NAME = "$(TARGET_NAME)";
				SWIFT_EMIT_LOC_STRINGS = YES;
				SWIFT_VERSION = 5.0;
				TARGETED_DEVICE_FAMILY = "1,2";
			};
			name = Release;
		};
		AE312EB32A7A7C5600086AE8 /* Debug */ = {
			isa = XCBuildConfiguration;
			buildSettings = {
				ALWAYS_EMBED_SWIFT_STANDARD_LIBRARIES = YES;
				BUNDLE_LOADER = "$(TEST_HOST)";
				CODE_SIGN_STYLE = Automatic;
				CURRENT_PROJECT_VERSION = 1;
				GENERATE_INFOPLIST_FILE = YES;
				IPHONEOS_DEPLOYMENT_TARGET = 16.2;
				MARKETING_VERSION = 1.0;
				PRODUCT_BUNDLE_IDENTIFIER = mobofilia.tblViewHeightTests;
				PRODUCT_NAME = "$(TARGET_NAME)";
				SWIFT_EMIT_LOC_STRINGS = NO;
				SWIFT_VERSION = 5.0;
				TARGETED_DEVICE_FAMILY = "1,2";
				TEST_HOST = "$(BUILT_PRODUCTS_DIR)/tblViewHeight.app/$(BUNDLE_EXECUTABLE_FOLDER_PATH)/tblViewHeight";
			};
			name = Debug;
		};
		AE312EB42A7A7C5600086AE8 /* Release */ = {
			isa = XCBuildConfiguration;
			buildSettings = {
				ALWAYS_EMBED_SWIFT_STANDARD_LIBRARIES = YES;
				BUNDLE_LOADER = "$(TEST_HOST)";
				CODE_SIGN_STYLE = Automatic;
				CURRENT_PROJECT_VERSION = 1;
				GENERATE_INFOPLIST_FILE = YES;
				IPHONEOS_DEPLOYMENT_TARGET = 16.2;
				MARKETING_VERSION = 1.0;
				PRODUCT_BUNDLE_IDENTIFIER = mobofilia.tblViewHeightTests;
				PRODUCT_NAME = "$(TARGET_NAME)";
				SWIFT_EMIT_LOC_STRINGS = NO;
				SWIFT_VERSION = 5.0;
				TARGETED_DEVICE_FAMILY = "1,2";
				TEST_HOST = "$(BUILT_PRODUCTS_DIR)/tblViewHeight.app/$(BUNDLE_EXECUTABLE_FOLDER_PATH)/tblViewHeight";
			};
			name = Release;
		};
		AE312EB62A7A7C5600086AE8 /* Debug */ = {
			isa = XCBuildConfiguration;
			buildSettings = {
				ALWAYS_EMBED_SWIFT_STANDARD_LIBRARIES = YES;
				CODE_SIGN_STYLE = Automatic;
				CURRENT_PROJECT_VERSION = 1;
				GENERATE_INFOPLIST_FILE = YES;
				MARKETING_VERSION = 1.0;
				PRODUCT_BUNDLE_IDENTIFIER = mobofilia.tblViewHeightUITests;
				PRODUCT_NAME = "$(TARGET_NAME)";
				SWIFT_EMIT_LOC_STRINGS = NO;
				SWIFT_VERSION = 5.0;
				TARGETED_DEVICE_FAMILY = "1,2";
				TEST_TARGET_NAME = tblViewHeight;
			};
			name = Debug;
		};
		AE312EB72A7A7C5600086AE8 /* Release */ = {
			isa = XCBuildConfiguration;
			buildSettings = {
				ALWAYS_EMBED_SWIFT_STANDARD_LIBRARIES = YES;
				CODE_SIGN_STYLE = Automatic;
				CURRENT_PROJECT_VERSION = 1;
				GENERATE_INFOPLIST_FILE = YES;
				MARKETING_VERSION = 1.0;
				PRODUCT_BUNDLE_IDENTIFIER = mobofilia.tblViewHeightUITests;
				PRODUCT_NAME = "$(TARGET_NAME)";
				SWIFT_EMIT_LOC_STRINGS = NO;
				SWIFT_VERSION = 5.0;
				TARGETED_DEVICE_FAMILY = "1,2";
				TEST_TARGET_NAME = tblViewHeight;
			};
			name = Release;
		};
/* End XCBuildConfiguration section */

/* Begin XCConfigurationList section */
		AE312E802A7A7C5400086AE8 /* Build configuration list for PBXProject "tblViewHeight" */ = {
			isa = XCConfigurationList;
			buildConfigurations = (
				AE312EAD2A7A7C5600086AE8 /* Debug */,
				AE312EAE2A7A7C5600086AE8 /* Release */,
			);
			defaultConfigurationIsVisible = 0;
			defaultConfigurationName = Release;
		};
		AE312EAF2A7A7C5600086AE8 /* Build configuration list for PBXNativeTarget "tblViewHeight" */ = {
			isa = XCConfigurationList;
			buildConfigurations = (
				AE312EB02A7A7C5600086AE8 /* Debug */,
				AE312EB12A7A7C5600086AE8 /* Release */,
			);
			defaultConfigurationIsVisible = 0;
			defaultConfigurationName = Release;
		};
		AE312EB22A7A7C5600086AE8 /* Build configuration list for PBXNativeTarget "tblViewHeightTests" */ = {
			isa = XCConfigurationList;
			buildConfigurations = (
				AE312EB32A7A7C5600086AE8 /* Debug */,
				AE312EB42A7A7C5600086AE8 /* Release */,
			);
			defaultConfigurationIsVisible = 0;
			defaultConfigurationName = Release;
		};
		AE312EB52A7A7C5600086AE8 /* Build configuration list for PBXNativeTarget "tblViewHeightUITests" */ = {
			isa = XCConfigurationList;
			buildConfigurations = (
				AE312EB62A7A7C5600086AE8 /* Debug */,
				AE312EB72A7A7C5600086AE8 /* Release */,
			);
			defaultConfigurationIsVisible = 0;
			defaultConfigurationName = Release;
		};
/* End XCConfigurationList section */
	};
	rootObject = AE312E7D2A7A7C5400086AE8 /* Project object */;
}
